
Microsoft Visual Studio Solution File, Format Version 12.00
# Visual Studio Version 17
VisualStudioVersion = 17.10.34928.147
MinimumVisualStudioVersion = 10.0.40219.1
Project("{FAE04EC0-301F-11D3-BF4B-00C04F79EFBC}") = "Where Is Daren", "Where Is Daren\Where Is Daren.csproj", "{2F658BEA-CDD2-41E1-B142-DAA5E7A9113D}"
EndProject
Global
	GlobalSection(SolutionConfigurationPlatforms) = preSolution
		Debug|Any CPU = Debug|Any CPU
		Release|Any CPU = Release|Any CPU
	EndGlobalSection
	GlobalSection(ProjectConfigurationPlatforms) = postSolution
		{2F658BEA-CDD2-41E1-B142-DAA5E7A9113D}.Debug|Any CPU.ActiveCfg = Debug|Any CPU
		{2F658BEA-CDD2-41E1-B142-DAA5E7A9113D}.Debug|Any CPU.Build.0 = Debug|Any CPU
		{2F658BEA-CDD2-41E1-B142-DAA5E7A9113D}.Release|Any CPU.ActiveCfg = Release|Any CPU
		{2F658BEA-CDD2-41E1-B142-DAA5E7A9113D}.Release|Any CPU.Build.0 = Release|Any CPU
	EndGlobalSection
	GlobalSection(SolutionProperties) = preSolution
		HideSolutionNode = FALSE
	EndGlobalSection
	GlobalSection(ExtensibilityGlobals) = postSolution
		SolutionGuid = {1BD716CE-F749-41A9-914E-691D79FF33D3}
	EndGlobalSection
EndGlobal
